
Microsoft Visual Studio Solution File, Format Version 12.00
# Visual Studio Version 17
VisualStudioVersion = 17.9.34902.65
MinimumVisualStudioVersion = 10.0.40219.1
Project("{FAE04EC0-301F-11D3-BF4B-00C04F79EFBC}") = "AhmedAboelmagdBlazor", "AhmedAboelmagdBlazor\AhmedAboelmagdBlazor.csproj", "{04C8952B-93B2-47C5-BB39-DE0C47F3830D}"
EndProject
Project("{FAE04EC0-301F-11D3-BF4B-00C04F79EFBC}") = "AhmedAboelmagdBlazor.Client", "AhmedAboelmagdBlazor.Client\AhmedAboelmagdBlazor.Client.csproj", "{A08C5F25-6F1C-49EC-AF35-CF822587304B}"
EndProject
Global
	GlobalSection(SolutionConfigurationPlatforms) = preSolution
		Debug|Any CPU = Debug|Any CPU
		Release|Any CPU = Release|Any CPU
	EndGlobalSection
	GlobalSection(ProjectConfigurationPlatforms) = postSolution
		{04C8952B-93B2-47C5-BB39-DE0C47F3830D}.Debug|Any CPU.ActiveCfg = Debug|Any CPU
		{04C8952B-93B2-47C5-BB39-DE0C47F3830D}.Debug|Any CPU.Build.0 = Debug|Any CPU
		{04C8952B-93B2-47C5-BB39-DE0C47F3830D}.Release|Any CPU.ActiveCfg = Release|Any CPU
		{04C8952B-93B2-47C5-BB39-DE0C47F3830D}.Release|Any CPU.Build.0 = Release|Any CPU
		{A08C5F25-6F1C-49EC-AF35-CF822587304B}.Debug|Any CPU.ActiveCfg = Debug|Any CPU
		{A08C5F25-6F1C-49EC-AF35-CF822587304B}.Debug|Any CPU.Build.0 = Debug|Any CPU
		{A08C5F25-6F1C-49EC-AF35-CF822587304B}.Release|Any CPU.ActiveCfg = Release|Any CPU
		{A08C5F25-6F1C-49EC-AF35-CF822587304B}.Release|Any CPU.Build.0 = Release|Any CPU
	EndGlobalSection
	GlobalSection(SolutionProperties) = preSolution
		HideSolutionNode = FALSE
	EndGlobalSection
	GlobalSection(ExtensibilityGlobals) = postSolution
		SolutionGuid = {3A2886B5-951A-4DB7-BEA4-B3E49D9D26FE}
	EndGlobalSection
EndGlobal
